
Microsoft Visual Studio Solution File, Format Version 12.00
# Visual Studio Version 17
VisualStudioVersion = 17.13.35913.81
MinimumVisualStudioVersion = 10.0.40219.1
Project("{2150E333-8FDC-42A3-9474-1A3956D46DE8}") = "解决方案项", "解决方案项", "{9FA3D6BD-1EC1-3BA5-80CB-CE02773A58D5}"
	ProjectSection(SolutionItems) = preProject
		Directory.Build.props = Directory.Build.props
		Dockerfile = Dockerfile
	EndProjectSection
EndProject
Project("{FAE04EC0-301F-11D3-BF4B-00C04F79EFBC}") = "MME", "src\MME\MME.csproj", "{57543750-B530-A299-1D7A-93B5DDE1F09F}"
EndProject
Project("{FAE04EC0-301F-11D3-BF4B-00C04F79EFBC}") = "MME.Domain", "src\MME.Domain\MME.Domain.csproj", "{523CB4CB-824E-6744-73F2-A06563686BF8}"
EndProject
Global
	GlobalSection(SolutionConfigurationPlatforms) = preSolution
		Debug|Any CPU = Debug|Any CPU
		Release|Any CPU = Release|Any CPU
	EndGlobalSection
	GlobalSection(ProjectConfigurationPlatforms) = postSolution
		{57543750-B530-A299-1D7A-93B5DDE1F09F}.Debug|Any CPU.ActiveCfg = Debug|Any CPU
		{57543750-B530-A299-1D7A-93B5DDE1F09F}.Debug|Any CPU.Build.0 = Debug|Any CPU
		{57543750-B530-A299-1D7A-93B5DDE1F09F}.Release|Any CPU.ActiveCfg = Release|Any CPU
		{57543750-B530-A299-1D7A-93B5DDE1F09F}.Release|Any CPU.Build.0 = Release|Any CPU
		{523CB4CB-824E-6744-73F2-A06563686BF8}.Debug|Any CPU.ActiveCfg = Debug|Any CPU
		{523CB4CB-824E-6744-73F2-A06563686BF8}.Debug|Any CPU.Build.0 = Debug|Any CPU
		{523CB4CB-824E-6744-73F2-A06563686BF8}.Release|Any CPU.ActiveCfg = Release|Any CPU
		{523CB4CB-824E-6744-73F2-A06563686BF8}.Release|Any CPU.Build.0 = Release|Any CPU
	EndGlobalSection
	GlobalSection(SolutionProperties) = preSolution
		HideSolutionNode = FALSE
	EndGlobalSection
	GlobalSection(ExtensibilityGlobals) = postSolution
		SolutionGuid = {3DC3878E-160A-4BB8-9865-BF2433C9BFAF}
	EndGlobalSection
EndGlobal
